// !$*UTF8*$!
{
	archiveVersion = 1;
	classes = {
	};
	objectVersion = 50;
	objects = {

/* Begin PBXBuildFile section */
		18C5D6CA24BEE046004CAE0F /* AppDelegate.swift in Sources */ = {isa = PBXBuildFile; fileRef = 18C5D6C924BEE046004CAE0F /* AppDelegate.swift */; };
		18C5D6CC24BEE046004CAE0F /* SceneDelegate.swift in Sources */ = {isa = PBXBuildFile; fileRef = 18C5D6CB24BEE046004CAE0F /* SceneDelegate.swift */; };
		18C5D6CE24BEE046004CAE0F /* ViewController.swift in Sources */ = {isa = PBXBuildFile; fileRef = 18C5D6CD24BEE046004CAE0F /* ViewController.swift */; };
		18C5D6D124BEE046004CAE0F /* Main.storyboard in Resources */ = {isa = PBXBuildFile; fileRef = 18C5D6CF24BEE046004CAE0F /* Main.storyboard */; };
		18C5D6D324BEE048004CAE0F /* Assets.xcassets in Resources */ = {isa = PBXBuildFile; fileRef = 18C5D6D224BEE048004CAE0F /* Assets.xcassets */; };
		18C5D6D624BEE048004CAE0F /* LaunchScreen.storyboard in Resources */ = {isa = PBXBuildFile; fileRef = 18C5D6D424BEE048004CAE0F /* LaunchScreen.storyboard */; };
		18C5D6E124BEE048004CAE0F /* WKWebViewDemoTests.swift in Sources */ = {isa = PBXBuildFile; fileRef = 18C5D6E024BEE048004CAE0F /* WKWebViewDemoTests.swift */; };
/* End PBXBuildFile section */

/* Begin PBXContainerItemProxy section */
		18C5D6DD24BEE048004CAE0F /* PBXContainerItemProxy */ = {
			isa = PBXContainerItemProxy;
			containerPortal = 18C5D6BE24BEE046004CAE0F /* Project object */;
			proxyType = 1;
			remoteGlobalIDString = 18C5D6C524BEE046004CAE0F;
			remoteInfo = WKWebViewDemo;
		};
/* End PBXContainerItemProxy section */

/* Begin PBXFileReference section */
		18C5D6C624BEE046004CAE0F /* WKWebViewDemo.app */ = {isa = PBXFileReference; explicitFileType = wrapper.application; includeInIndex = 0; path = WKWebViewDemo.app; sourceTree = BUILT_PRODUCTS_DIR; };
		18C5D6C924BEE046004CAE0F /* AppDelegate.swift */ = {isa = PBXFileReference; lastKnownFileType = sourcecode.swift; path = AppDelegate.swift; sourceTree = "<group>"; };
		18C5D6CB24BEE046004CAE0F /* SceneDelegate.swift */ = {isa = PBXFileReference; lastKnownFileType = sourcecode.swift; path = SceneDelegate.swift; sourceTree = "<group>"; };
		18C5D6CD24BEE046004CAE0F /* ViewController.swift */ = {isa = PBXFileReference; lastKnownFileType = sourcecode.swift; path = ViewController.swift; sourceTree = "<group>"; };
		18C5D6D024BEE046004CAE0F /* Base */ = {isa = PBXFileReference; lastKnownFileType = file.storyboard; name = Base; path = Base.lproj/Main.storyboard; sourceTree = "<group>"; };
		18C5D6D224BEE048004CAE0F /* Assets.xcassets */ = {isa = PBXFileReference; lastKnownFileType = folder.assetcatalog; path = Assets.xcassets; sourceTree = "<group>"; };
		18C5D6D524BEE048004CAE0F /* Base */ = {isa = PBXFileReference; lastKnownFileType = file.storyboard; name = Base; path = Base.lproj/LaunchScreen.storyboard; sourceTree = "<group>"; };
		18C5D6D724BEE048004CAE0F /* Info.plist */ = {isa = PBXFileReference; lastKnownFileType = text.plist.xml; path = Info.plist; sourceTree = "<group>"; };
		18C5D6DC24BEE048004CAE0F /* WKWebViewDemoTests.xctest */ = {isa = PBXFileReference; explicitFileType = wrapper.cfbundle; includeInIndex = 0; path = WKWebViewDemoTests.xctest; sourceTree = BUILT_PRODUCTS_DIR; };
		18C5D6E024BEE048004CAE0F /* WKWebViewDemoTests.swift */ = {isa = PBXFileReference; lastKnownFileType = sourcecode.swift; path = WKWebViewDemoTests.swift; sourceTree = "<group>"; };
		18C5D6E224BEE048004CAE0F /* Info.plist */ = {isa = PBXFileReference; lastKnownFileType = text.plist.xml; path = Info.plist; sourceTree = "<group>"; };
/* End PBXFileReference section */

/* Begin PBXFrameworksBuildPhase section */
		18C5D6C324BEE046004CAE0F /* Frameworks */ = {
			isa = PBXFrameworksBuildPhase;
			buildActionMask = 2147483647;
			files = (
			);
			runOnlyForDeploymentPostprocessing = 0;
		};
		18C5D6D924BEE048004CAE0F /* Frameworks */ = {
			isa = PBXFrameworksBuildPhase;
			buildActionMask = 2147483647;
			files = (
			);
			runOnlyForDeploymentPostprocessing = 0;
		};
/* End PBXFrameworksBuildPhase section */

/* Begin PBXGroup section */
		18C5D6BD24BEE046004CAE0F = {
			isa = PBXGroup;
			children = (
				18C5D6C824BEE046004CAE0F /* WKWebViewDemo */,
				18C5D6DF24BEE048004CAE0F /* WKWebViewDemoTests */,
				18C5D6C724BEE046004CAE0F /* Products */,
			);
			sourceTree = "<group>";
		};
		18C5D6C724BEE046004CAE0F /* Products */ = {
			isa = PBXGroup;
			children = (
				18C5D6C624BEE046004CAE0F /* WKWebViewDemo.app */,
				18C5D6DC24BEE048004CAE0F /* WKWebViewDemoTests.xctest */,
			);
			name = Products;
			sourceTree = "<group>";
		};
		18C5D6C824BEE046004CAE0F /* WKWebViewDemo */ = {
			isa = PBXGroup;
			children = (
				18C5D6C924BEE046004CAE0F /* AppDelegate.swift */,
				18C5D6CB24BEE046004CAE0F /* SceneDelegate.swift */,
				18C5D6CD24BEE046004CAE0F /* ViewController.swift */,
				18C5D6CF24BEE046004CAE0F /* Main.storyboard */,
				18C5D6D224BEE048004CAE0F /* Assets.xcassets */,
				18C5D6D424BEE048004CAE0F /* LaunchScreen.storyboard */,
				18C5D6D724BEE048004CAE0F /* Info.plist */,
			);
			path = WKWebViewDemo;
			sourceTree = "<group>";
		};
		18C5D6DF24BEE048004CAE0F /* WKWebViewDemoTests */ = {
			isa = PBXGroup;
			children = (
				18C5D6E024BEE048004CAE0F /* WKWebViewDemoTests.swift */,
				18C5D6E224BEE048004CAE0F /* Info.plist */,
			);
			path = WKWebViewDemoTests;
			sourceTree = "<group>";
		};
/* End PBXGroup section */

/* Begin PBXNativeTarget section */
		18C5D6C524BEE046004CAE0F /* WKWebViewDemo */ = {
			isa = PBXNativeTarget;
			buildConfigurationList = 18C5D6E524BEE048004CAE0F /* Build configuration list for PBXNativeTarget "WKWebViewDemo" */;
			buildPhases = (
				18C5D6C224BEE046004CAE0F /* Sources */,
				18C5D6C324BEE046004CAE0F /* Frameworks */,
				18C5D6C424BEE046004CAE0F /* Resources */,
			);
			buildRules = (
			);
			dependencies = (
			);
			name = WKWebViewDemo;
			productName = WKWebViewDemo;
			productReference = 18C5D6C624BEE046004CAE0F /* WKWebViewDemo.app */;
			productType = "com.apple.product-type.application";
		};
		18C5D6DB24BEE048004CAE0F /* WKWebViewDemoTests */ = {
			isa = PBXNativeTarget;
			buildConfigurationList = 18C5D6E824BEE048004CAE0F /* Build configuration list for PBXNativeTarget "WKWebViewDemoTests" */;
			buildPhases = (
				18C5D6D824BEE048004CAE0F /* Sources */,
				18C5D6D924BEE048004CAE0F /* Frameworks */,
				18C5D6DA24BEE048004CAE0F /* Resources */,
			);
			buildRules = (
			);
			dependencies = (
				18C5D6DE24BEE048004CAE0F /* PBXTargetDependency */,
			);
			name = WKWebViewDemoTests;
			productName = WKWebViewDemoTests;
			productReference = 18C5D6DC24BEE048004CAE0F /* WKWebViewDemoTests.xctest */;
			productType = "com.apple.product-type.bundle.unit-test";
		};
/* End PBXNativeTarget section */

/* Begin PBXProject section */
		18C5D6BE24BEE046004CAE0F /* Project object */ = {
			isa = PBXProject;
			attributes = {
				LastSwiftUpdateCheck = 1120;
				LastUpgradeCheck = 1120;
				ORGANIZATIONNAME = "Ajeet N";
				TargetAttributes = {
					18C5D6C524BEE046004CAE0F = {
						CreatedOnToolsVersion = 11.2.1;
					};
					18C5D6DB24BEE048004CAE0F = {
						CreatedOnToolsVersion = 11.2.1;
						TestTargetID = 18C5D6C524BEE046004CAE0F;
					};
				};
			};
			buildConfigurationList = 18C5D6C124BEE046004CAE0F /* Build configuration list for PBXProject "WKWebViewDemo" */;
			compatibilityVersion = "Xcode 9.3";
			developmentRegion = en;
			hasScannedForEncodings = 0;
			knownRegions = (
				en,
				Base,
			);
			mainGroup = 18C5D6BD24BEE046004CAE0F;
			productRefGroup = 18C5D6C724BEE046004CAE0F /* Products */;
			projectDirPath = "";
			projectRoot = "";
			targets = (
				18C5D6C524BEE046004CAE0F /* WKWebViewDemo */,
				18C5D6DB24BEE048004CAE0F /* WKWebViewDemoTests */,
			);
		};
/* End PBXProject section */

/* Begin PBXResourcesBuildPhase section */
		18C5D6C424BEE046004CAE0F /* Resources */ = {
			isa = PBXResourcesBuildPhase;
			buildActionMask = 2147483647;
			files = (
				18C5D6D624BEE048004CAE0F /* LaunchScreen.storyboard in Resources */,
				18C5D6D324BEE048004CAE0F /* Assets.xcassets in Resources */,
				18C5D6D124BEE046004CAE0F /* Main.storyboard in Resources */,
			);
			runOnlyForDeploymentPostprocessing = 0;
		};
		18C5D6DA24BEE048004CAE0F /* Resources */ = {
			isa = PBXResourcesBuildPhase;
			buildActionMask = 2147483647;
			files = (
			);
			runOnlyForDeploymentPostprocessing = 0;
		};
/* End PBXResourcesBuildPhase section */

/* Begin PBXSourcesBuildPhase section */
		18C5D6C224BEE046004CAE0F /* Sources */ = {
			isa = PBXSourcesBuildPhase;
			buildActionMask = 2147483647;
			files = (
				18C5D6CE24BEE046004CAE0F /* ViewController.swift in Sources */,
				18C5D6CA24BEE046004CAE0F /* AppDelegate.swift in Sources */,
				18C5D6CC24BEE046004CAE0F /* SceneDelegate.swift in Sources */,
			);
			runOnlyForDeploymentPostprocessing = 0;
		};
		18C5D6D824BEE048004CAE0F /* Sources */ = {
			isa = PBXSourcesBuildPhase;
			buildActionMask = 2147483647;
			files = (
				18C5D6E124BEE048004CAE0F /* WKWebViewDemoTests.swift in Sources */,
			);
			runOnlyForDeploymentPostprocessing = 0;
		};
/* End PBXSourcesBuildPhase section */

/* Begin PBXTargetDependency section */
		18C5D6DE24BEE048004CAE0F /* PBXTargetDependency */ = {
			isa = PBXTargetDependency;
			target = 18C5D6C524BEE046004CAE0F /* WKWebViewDemo */;
			targetProxy = 18C5D6DD24BEE048004CAE0F /* PBXContainerItemProxy */;
		};
/* End PBXTargetDependency section */

/* Begin PBXVariantGroup section */
		18C5D6CF24BEE046004CAE0F /* Main.storyboard */ = {
			isa = PBXVariantGroup;
			children = (
				18C5D6D024BEE046004CAE0F /* Base */,
			);
			name = Main.storyboard;
			sourceTree = "<group>";
		};
		18C5D6D424BEE048004CAE0F /* LaunchScreen.storyboard */ = {
			isa = PBXVariantGroup;
			children = (
				18C5D6D524BEE048004CAE0F /* Base */,
			);
			name = LaunchScreen.storyboard;
			sourceTree = "<group>";
		};
/* End PBXVariantGroup section */

/* Begin XCBuildConfiguration section */
		18C5D6E324BEE048004CAE0F /* Debug */ = {
			isa = XCBuildConfiguration;
			buildSettings = {
				ALWAYS_SEARCH_USER_PATHS = NO;
				CLANG_ANALYZER_NONNULL = YES;
				CLANG_ANALYZER_NUMBER_OBJECT_CONVERSION = YES_AGGRESSIVE;
				CLANG_CXX_LANGUAGE_STANDARD = "gnu++14";
				CLANG_CXX_LIBRARY = "libc++";
				CLANG_ENABLE_MODULES = YES;
				CLANG_ENABLE_OBJC_ARC = YES;
				CLANG_ENABLE_OBJC_WEAK = YES;
				CLANG_WARN_BLOCK_CAPTURE_AUTORELEASING = YES;
				CLANG_WARN_BOOL_CONVERSION = YES;
				CLANG_WARN_COMMA = YES;
				CLANG_WARN_CONSTANT_CONVERSION = YES;
				CLANG_WARN_DEPRECATED_OBJC_IMPLEMENTATIONS = YES;
				CLANG_WARN_DIRECT_OBJC_ISA_USAGE = YES_ERROR;
				CLANG_WARN_DOCUMENTATION_COMMENTS = YES;
				CLANG_WARN_EMPTY_BODY = YES;
				CLANG_WARN_ENUM_CONVERSION = YES;
				CLANG_WARN_INFINITE_RECURSION = YES;
				CLANG_WARN_INT_CONVERSION = YES;
				CLANG_WARN_NON_LITERAL_NULL_CONVERSION = YES;
				CLANG_WARN_OBJC_IMPLICIT_RETAIN_SELF = YES;
				CLANG_WARN_OBJC_LITERAL_CONVERSION = YES;
				CLANG_WARN_OBJC_ROOT_CLASS = YES_ERROR;
				CLANG_WARN_RANGE_LOOP_ANALYSIS = YES;
				CLANG_WARN_STRICT_PROTOTYPES = YES;
				CLANG_WARN_SUSPICIOUS_MOVE = YES;
				CLANG_WARN_UNGUARDED_AVAILABILITY = YES_AGGRESSIVE;
				CLANG_WARN_UNREACHABLE_CODE = YES;
				CLANG_WARN__DUPLICATE_METHOD_MATCH = YES;
				COPY_PHASE_STRIP = NO;
				DEBUG_INFORMATION_FORMAT = dwarf;
				ENABLE_STRICT_OBJC_MSGSEND = YES;
				ENABLE_TESTABILITY = YES;
				GCC_C_LANGUAGE_STANDARD = gnu11;
				GCC_DYNAMIC_NO_PIC = NO;
				GCC_NO_COMMON_BLOCKS = YES;
				GCC_OPTIMIZATION_LEVEL = 0;
				GCC_PREPROCESSOR_DEFINITIONS = (
					"DEBUG=1",
					"$(inherited)",
				);
				GCC_WARN_64_TO_32_BIT_CONVERSION = YES;
				GCC_WARN_ABOUT_RETURN_TYPE = YES_ERROR;
				GCC_WARN_UNDECLARED_SELECTOR = YES;
				GCC_WARN_UNINITIALIZED_AUTOS = YES_AGGRESSIVE;
				GCC_WARN_UNUSED_FUNCTION = YES;
				GCC_WARN_UNUSED_VARIABLE = YES;
				IPHONEOS_DEPLOYMENT_TARGET = 13.2;
				MTL_ENABLE_DEBUG_INFO = INCLUDE_SOURCE;
				MTL_FAST_MATH = YES;
				ONLY_ACTIVE_ARCH = YES;
				SDKROOT = iphoneos;
				SWIFT_ACTIVE_COMPILATION_CONDITIONS = DEBUG;
				SWIFT_OPTIMIZATION_LEVEL = "-Onone";
			};
			name = Debug;
		};
		18C5D6E424BEE048004CAE0F /* Release */ = {
			isa = XCBuildConfiguration;
			buildSettings = {
				ALWAYS_SEARCH_USER_PATHS = NO;
				CLANG_ANALYZER_NONNULL = YES;
				CLANG_ANALYZER_NUMBER_OBJECT_CONVERSION = YES_AGGRESSIVE;
				CLANG_CXX_LANGUAGE_STANDARD = "gnu++14";
				CLANG_CXX_LIBRARY = "libc++";
				CLANG_ENABLE_MODULES = YES;
				CLANG_ENABLE_OBJC_ARC = YES;
				CLANG_ENABLE_OBJC_WEAK = YES;
				CLANG_WARN_BLOCK_CAPTURE_AUTORELEASING = YES;
				CLANG_WARN_BOOL_CONVERSION = YES;
				CLANG_WARN_COMMA = YES;
				CLANG_WARN_CONSTANT_CONVERSION = YES;
				CLANG_WARN_DEPRECATED_OBJC_IMPLEMENTATIONS = YES;
				CLANG_WARN_DIRECT_OBJC_ISA_USAGE = YES_ERROR;
				CLANG_WARN_DOCUMENTATION_COMMENTS = YES;
				CLANG_WARN_EMPTY_BODY = YES;
				CLANG_WARN_ENUM_CONVERSION = YES;
				CLANG_WARN_INFINITE_RECURSION = YES;
				CLANG_WARN_INT_CONVERSION = YES;
				CLANG_WARN_NON_LITERAL_NULL_CONVERSION = YES;
				CLANG_WARN_OBJC_IMPLICIT_RETAIN_SELF = YES;
				CLANG_WARN_OBJC_LITERAL_CONVERSION = YES;
				CLANG_WARN_OBJC_ROOT_CLASS = YES_ERROR;
				CLANG_WARN_RANGE_LOOP_ANALYSIS = YES;
				CLANG_WARN_STRICT_PROTOTYPES = YES;
				CLANG_WARN_SUSPICIOUS_MOVE = YES;
				CLANG_WARN_UNGUARDED_AVAILABILITY = YES_AGGRESSIVE;
				CLANG_WARN_UNREACHABLE_CODE = YES;
				CLANG_WARN__DUPLICATE_METHOD_MATCH = YES;
				COPY_PHASE_STRIP = NO;
				DEBUG_INFORMATION_FORMAT = "dwarf-with-dsym";
				ENABLE_NS_ASSERTIONS = NO;
				ENABLE_STRICT_OBJC_MSGSEND = YES;
				GCC_C_LANGUAGE_STANDARD = gnu11;
				GCC_NO_COMMON_BLOCKS = YES;
				GCC_WARN_64_TO_32_BIT_CONVERSION = YES;
				GCC_WARN_ABOUT_RETURN_TYPE = YES_ERROR;
				GCC_WARN_UNDECLARED_SELECTOR = YES;
				GCC_WARN_UNINITIALIZED_AUTOS = YES_AGGRESSIVE;
				GCC_WARN_UNUSED_FUNCTION = YES;
				GCC_WARN_UNUSED_VARIABLE = YES;
				IPHONEOS_DEPLOYMENT_TARGET = 13.2;
				MTL_ENABLE_DEBUG_INFO = NO;
				MTL_FAST_MATH = YES;
				SDKROOT = iphoneos;
				SWIFT_COMPILATION_MODE = wholemodule;
				SWIFT_OPTIMIZATION_LEVEL = "-O";
				VALIDATE_PRODUCT = YES;
			};
			name = Release;
		};
		18C5D6E624BEE048004CAE0F /* Debug */ = {
			isa = XCBuildConfiguration;
			buildSettings = {
				ASSETCATALOG_COMPILER_APPICON_NAME = AppIcon;
				CODE_SIGN_STYLE = Automatic;
				INFOPLIST_FILE = WKWebViewDemo/Info.plist;
				LD_RUNPATH_SEARCH_PATHS = (
					"$(inherited)",
					"@executable_path/Frameworks",
				);
				PRODUCT_BUNDLE_IDENTIFIER = com.WKWebViewDemo;
				PRODUCT_NAME = "$(TARGET_NAME)";
				SWIFT_VERSION = 5.0;
				TARGETED_DEVICE_FAMILY = "1,2";
			};
			name = Debug;
		};
		18C5D6E724BEE048004CAE0F /* Release */ = {
			isa = XCBuildConfiguration;
			buildSettings = {
				ASSETCATALOG_COMPILER_APPICON_NAME = AppIcon;
				CODE_SIGN_STYLE = Automatic;
				INFOPLIST_FILE = WKWebViewDemo/Info.plist;
				LD_RUNPATH_SEARCH_PATHS = (
					"$(inherited)",
					"@executable_path/Frameworks",
				);
				PRODUCT_BUNDLE_IDENTIFIER = com.WKWebViewDemo;
				PRODUCT_NAME = "$(TARGET_NAME)";
				SWIFT_VERSION = 5.0;
				TARGETED_DEVICE_FAMILY = "1,2";
			};
			name = Release;
		};
		18C5D6E924BEE048004CAE0F /* Debug */ = {
			isa = XCBuildConfiguration;
			buildSettings = {
				ALWAYS_EMBED_SWIFT_STANDARD_LIBRARIES = YES;
				BUNDLE_LOADER = "$(TEST_HOST)";
				CODE_SIGN_STYLE = Automatic;
				INFOPLIST_FILE = WKWebViewDemoTests/Info.plist;
				IPHONEOS_DEPLOYMENT_TARGET = 13.2;
				LD_RUNPATH_SEARCH_PATHS = (
					"$(inherited)",
					"@executable_path/Frameworks",
					"@loader_path/Frameworks",
				);
				PRODUCT_BUNDLE_IDENTIFIER = com.WKWebViewDemoTests;
				PRODUCT_NAME = "$(TARGET_NAME)";
				SWIFT_VERSION = 5.0;
				TARGETED_DEVICE_FAMILY = "1,2";
				TEST_HOST = "$(BUILT_PRODUCTS_DIR)/WKWebViewDemo.app/WKWebViewDemo";
			};
			name = Debug;
		};
		18C5D6EA24BEE048004CAE0F /* Release */ = {
			isa = XCBuildConfiguration;
			buildSettings = {
				ALWAYS_EMBED_SWIFT_STANDARD_LIBRARIES = YES;
				BUNDLE_LOADER = "$(TEST_HOST)";
				CODE_SIGN_STYLE = Automatic;
				INFOPLIST_FILE = WKWebViewDemoTests/Info.plist;
				IPHONEOS_DEPLOYMENT_TARGET = 13.2;
				LD_RUNPATH_SEARCH_PATHS = (
					"$(inherited)",
					"@executable_path/Frameworks",
					"@loader_path/Frameworks",
				);
				PRODUCT_BUNDLE_IDENTIFIER = com.WKWebViewDemoTests;
				PRODUCT_NAME = "$(TARGET_NAME)";
				SWIFT_VERSION = 5.0;
				TARGETED_DEVICE_FAMILY = "1,2";
				TEST_HOST = "$(BUILT_PRODUCTS_DIR)/WKWebViewDemo.app/WKWebViewDemo";
			};
			name = Release;
		};
/* End XCBuildConfiguration section */

/* Begin XCConfigurationList section */
		18C5D6C124BEE046004CAE0F /* Build configuration list for PBXProject "WKWebViewDemo" */ = {
			isa = XCConfigurationList;
			buildConfigurations = (
				18C5D6E324BEE048004CAE0F /* Debug */,
				18C5D6E424BEE048004CAE0F /* Release */,
			);
			defaultConfigurationIsVisible = 0;
			defaultConfigurationName = Release;
		};
		18C5D6E524BEE048004CAE0F /* Build configuration list for PBXNativeTarget "WKWebViewDemo" */ = {
			isa = XCConfigurationList;
			buildConfigurations = (
				18C5D6E624BEE048004CAE0F /* Debug */,
				18C5D6E724BEE048004CAE0F /* Release */,
			);
			defaultConfigurationIsVisible = 0;
			defaultConfigurationName = Release;
		};
		18C5D6E824BEE048004CAE0F /* Build configuration list for PBXNativeTarget "WKWebViewDemoTests" */ = {
			isa = XCConfigurationList;
			buildConfigurations = (
				18C5D6E924BEE048004CAE0F /* Debug */,
				18C5D6EA24BEE048004CAE0F /* Release */,
			);
			defaultConfigurationIsVisible = 0;
			defaultConfigurationName = Release;
		};
/* End XCConfigurationList section */
	};
	rootObject = 18C5D6BE24BEE046004CAE0F /* Project object */;
}
